
Microsoft Visual Studio Solution File, Format Version 12.00
# Visual Studio Version 16
VisualStudioVersion = 16.0.29123.88
MinimumVisualStudioVersion = 10.0.40219.1
Project("{888888A0-9F3D-457C-B088-3A5042F75D52}") = "BenCarson", "BenCarson.pyproj", "{6B83065C-939D-45DF-BF53-9284BF42A916}"
EndProject
Global
	GlobalSection(SolutionConfigurationPlatforms) = preSolution
		Debug|Any CPU = Debug|Any CPU
		Release|Any CPU = Release|Any CPU
	EndGlobalSection
	GlobalSection(ProjectConfigurationPlatforms) = postSolution
		{6B83065C-939D-45DF-BF53-9284BF42A916}.Debug|Any CPU.ActiveCfg = Debug|Any CPU
		{6B83065C-939D-45DF-BF53-9284BF42A916}.Release|Any CPU.ActiveCfg = Release|Any CPU
	EndGlobalSection
	GlobalSection(SolutionProperties) = preSolution
		HideSolutionNode = FALSE
	EndGlobalSection
	GlobalSection(ExtensibilityGlobals) = postSolution
		SolutionGuid = {16D280B2-9973-4804-A25E-72A4802DB487}
	EndGlobalSection
EndGlobal
